Microsoft Visual Studio Solution File, Format Version 12.00
# Visual Studio 2012
Project("{FAE04EC0-301F-11D3-BF4B-00C04F79EFBC}") = "Thesis Game", "Thesis Game.csproj", "{1D73E63B-97F8-4F73-BC8F-34D2EBE9F78C}"
EndProject
Global
	GlobalSection(SolutionConfigurationPlatforms) = preSolution
	Debug|Any CPU = Debug|Any CPU
	ExportDebug|Any CPU = ExportDebug|Any CPU
	ExportRelease|Any CPU = ExportRelease|Any CPU
	EndGlobalSection
	GlobalSection(ProjectConfigurationPlatforms) = postSolution
		{1D73E63B-97F8-4F73-BC8F-34D2EBE9F78C}.Debug|Any CPU.ActiveCfg = Debug|Any CPU
		{1D73E63B-97F8-4F73-BC8F-34D2EBE9F78C}.Debug|Any CPU.Build.0 = Debug|Any CPU
		{1D73E63B-97F8-4F73-BC8F-34D2EBE9F78C}.ExportDebug|Any CPU.ActiveCfg = ExportDebug|Any CPU
		{1D73E63B-97F8-4F73-BC8F-34D2EBE9F78C}.ExportDebug|Any CPU.Build.0 = ExportDebug|Any CPU
		{1D73E63B-97F8-4F73-BC8F-34D2EBE9F78C}.ExportRelease|Any CPU.ActiveCfg = ExportRelease|Any CPU
		{1D73E63B-97F8-4F73-BC8F-34D2EBE9F78C}.ExportRelease|Any CPU.Build.0 = ExportRelease|Any CPU
	EndGlobalSection
EndGlobal
